// !$*UTF8*$!
{
	archiveVersion = 1;
	classes = {
	};
	objectVersion = 77;
	objects = {

/* Begin PBXBuildFile section */
		01606A41F73328383C06A185 /* MacStatusMenu.swift in Sources */ = {isa = PBXBuildFile; fileRef = CCBAA8805437D418DF9BA83A /* MacStatusMenu.swift */; };
		03588CE5C11BE87A090609A4 /* ReceiverAvailability.swift in Sources */ = {isa = PBXBuildFile; fileRef = E38563283F39B8785CDA2F1E /* ReceiverAvailability.swift */; };
		0C9D7AD807073F2661301B5D /* LibraryPresentation.swift in Sources */ = {isa = PBXBuildFile; fileRef = 9CA1DF0F69ACC8A8878DBA91 /* LibraryPresentation.swift */; };
		1DAE3203534279498E99F2AA /* FolderSourcesPage.swift in Sources */ = {isa = PBXBuildFile; fileRef = 774C6225CA051D4BF9220D34 /* FolderSourcesPage.swift */; };
		2B05516DFB7975C99E1413BF /* TransferViews.swift in Sources */ = {isa = PBXBuildFile; fileRef = D39898A776B4A23AF72454A2 /* TransferViews.swift */; };
		332A9AD72D1A1B33E7C19D11 /* BackupModel.swift in Sources */ = {isa = PBXBuildFile; fileRef = 3CE07F217EB8033B1FFFB8DB /* BackupModel.swift */; };
		3847361A2E188CCDB2245BB5 /* AppUpdater.swift in Sources */ = {isa = PBXBuildFile; fileRef = 2240B6B1E76D07784056F214 /* AppUpdater.swift */; };
		3C92DAE2C89B7CD73B468662 /* TransferConcurrencySettings.swift in Sources */ = {isa = PBXBuildFile; fileRef = DE33C2423620893B134342B0 /* TransferConcurrencySettings.swift */; };
		499607CACCC1EAB40F291747 /* FolderMedia.swift in Sources */ = {isa = PBXBuildFile; fileRef = 604819320A8AF91EACFAD75F /* FolderMedia.swift */; };
		50D40D339C1B8E1CC0776BF0 /* LibraryPlaceholder.swift in Sources */ = {isa = PBXBuildFile; fileRef = B05D4B05F1A2E0005A464006 /* LibraryPlaceholder.swift */; };
		600D68DCC14FB1D82EC71DF5 /* BurstPhotos.swift in Sources */ = {isa = PBXBuildFile; fileRef = 6941384B4E73A3DF79B5EE30 /* BurstPhotos.swift */; };
		61C4EF5217307370D283286C /* BackupDuckMacApp.swift in Sources */ = {isa = PBXBuildFile; fileRef = 49B4243B08406794F3828620 /* BackupDuckMacApp.swift */; };
		68F824F3F15EC1764EC4AE85 /* FileThumbnails.swift in Sources */ = {isa = PBXBuildFile; fileRef = 354D47FCA5E06447D8ACA477 /* FileThumbnails.swift */; };
		6B5B295156362D2C1828DBC0 /* BackupHelp.swift in Sources */ = {isa = PBXBuildFile; fileRef = B34FBE3E4B7668ACE8D00B52 /* BackupHelp.swift */; };
		714A7C468520E2DBDF5B07C1 /* BackgroundTransfer.swift in Sources */ = {isa = PBXBuildFile; fileRef = B7EA1DE3AF848C064AD25BB8 /* BackgroundTransfer.swift */; };
		718CE8E542E1D28884FA8092 /* HistoricalImport.swift in Sources */ = {isa = PBXBuildFile; fileRef = C8BF6D3EC9E65372524F6513 /* HistoricalImport.swift */; };
		779E8B27F979D3E86F67F355 /* DeviceIdentity.swift in Sources */ = {isa = PBXBuildFile; fileRef = 32AE73F9F0BBAABD3AA8AEE9 /* DeviceIdentity.swift */; };
		77CF168597D84F93678A05CF /* InfoPlist.strings in Resources */ = {isa = PBXBuildFile; fileRef = FC24582406B7B42FD52AC817 /* InfoPlist.strings */; };
		81EED007FFEEB171313CBF2A /* TransferDiagnostics.swift in Sources */ = {isa = PBXBuildFile; fileRef = 060DC83C5DD462AF0201FB43 /* TransferDiagnostics.swift */; };
		83F71F3CCEF757E18CCD7504 /* FolderSources.swift in Sources */ = {isa = PBXBuildFile; fileRef = 1C5E73E62B1162CA263129F3 /* FolderSources.swift */; };
		85C0ADD7D7FF1A38B3FF9932 /* Localizable.strings in Resources */ = {isa = PBXBuildFile; fileRef = D54CA1F1DA8164B463AAC43D /* Localizable.strings */; };
		87D12B2B20221BF67A9DCC61 /* LibraryGrid.swift in Sources */ = {isa = PBXBuildFile; fileRef = ABCFCB6FCB0CDFED5197D845 /* LibraryGrid.swift */; };
		994F060A2FD375E01DFF8334 /* PhotoLibraryModel.swift in Sources */ = {isa = PBXBuildFile; fileRef = F64C9993D8CB74AF2A437784 /* PhotoLibraryModel.swift */; };
		9B2F7B047C2AEA89C45C83E4 /* ReceiverDiscovery.swift in Sources */ = {isa = PBXBuildFile; fileRef = 831E3F2F49F936B437BB7A3A /* ReceiverDiscovery.swift */; };
		A46B841E1340C059028CE7DC /* MacBackupPage.swift in Sources */ = {isa = PBXBuildFile; fileRef = 0AB2023BBE2954441584C5C4 /* MacBackupPage.swift */; };
		AE0C557C585D8E3A39310FAF /* StorageModel.swift in Sources */ = {isa = PBXBuildFile; fileRef = 2DD73467DFE30B87BA715C9D /* StorageModel.swift */; };
		B01AEC47980BCD9CBB8E842F /* Sparkle.framework in Frameworks */ = {isa = PBXBuildFile; fileRef = E384A4DF9856B6B9654C459A /* Sparkle.framework */; };
		BA114F060234BD9171C23F24 /* PhotoLibraryChanges.swift in Sources */ = {isa = PBXBuildFile; fileRef = 790522FA25588024EE51100B /* PhotoLibraryChanges.swift */; };
		C455EB0A44BA814680BFE06A /* MacPreferences.swift in Sources */ = {isa = PBXBuildFile; fileRef = 7E46FE58B00C600C0D604FE4 /* MacPreferences.swift */; };
		C6CF7E9C89BEA6C69606156C /* TransferProgress.swift in Sources */ = {isa = PBXBuildFile; fileRef = F110AD52A05DA30D64850E6D /* TransferProgress.swift */; };
		C7F10210940291A3ED1353EF /* PhotoBackupOrder.swift in Sources */ = {isa = PBXBuildFile; fileRef = 7D97B6B65AD87FB6AE83B23C /* PhotoBackupOrder.swift */; };
		D051A3A22D11DDB4D3A76610 /* LibraryRefreshScheduler.swift in Sources */ = {isa = PBXBuildFile; fileRef = B0844CBA74DBDE843EE4C8E5 /* LibraryRefreshScheduler.swift */; };
		D556DB390B6162E297704CB7 /* Sparkle.framework in Embed Frameworks */ = {isa = PBXBuildFile; fileRef = E384A4DF9856B6B9654C459A /* Sparkle.framework */; settings = {ATTRIBUTES = (CodeSignOnCopy, RemoveHeadersOnCopy, ); }; };
		EC66FE86B71813AB9352D07F /* FolderWatch.swift in Sources */ = {isa = PBXBuildFile; fileRef = 8092617AEB476C19587672C8 /* FolderWatch.swift */; };
		1C777109EF049956DE3F5660 /* DuckColors.swift in Sources */ = {isa = PBXBuildFile; fileRef = 402225D414D0FADB8F14081B /* DuckColors.swift */; };
		F50A0ACCBDCCBFFBFC974652 /* DuckComponents.swift in Sources */ = {isa = PBXBuildFile; fileRef = 5F1B1500A0D77AC741C18BED /* DuckComponents.swift */; };
		72D71A70DAC6A79509241EEE /* DuckBrand.png in Resources */ = {isa = PBXBuildFile; fileRef = 4F2E348CC16D10FAA0C4A662 /* DuckBrand.png */; };
/* End PBXBuildFile section */

/* Begin PBXCopyFilesBuildPhase section */
		CE544D30AD1A1E60285D6901 /* Embed Frameworks */ = {
			isa = PBXCopyFilesBuildPhase;
			buildActionMask = 2147483647;
			dstPath = "";
			dstSubfolderSpec = 10;
			files = (
				D556DB390B6162E297704CB7 /* Sparkle.framework in Embed Frameworks */,
			);
			name = "Embed Frameworks";
			runOnlyForDeploymentPostprocessing = 0;
		};
/* End PBXCopyFilesBuildPhase section */

/* Begin PBXFileReference section */
		060DC83C5DD462AF0201FB43 /* TransferDiagnostics.swift */ = {isa = PBXFileReference; lastKnownFileType = sourcecode.swift; path = TransferDiagnostics.swift; sourceTree = "<group>"; };
		094878371404AC47EB9890CE /* zh-Hans */ = {isa = PBXFileReference; lastKnownFileType = text.plist.strings; name = "zh-Hans"; path = "zh-Hans.lproj/InfoPlist.strings"; sourceTree = "<group>"; };
		0AB2023BBE2954441584C5C4 /* MacBackupPage.swift */ = {isa = PBXFileReference; lastKnownFileType = sourcecode.swift; path = MacBackupPage.swift; sourceTree = "<group>"; };
		1C5E73E62B1162CA263129F3 /* FolderSources.swift */ = {isa = PBXFileReference; lastKnownFileType = sourcecode.swift; path = FolderSources.swift; sourceTree = "<group>"; };
		2240B6B1E76D07784056F214 /* AppUpdater.swift */ = {isa = PBXFileReference; lastKnownFileType = sourcecode.swift; path = AppUpdater.swift; sourceTree = "<group>"; };
		2DD73467DFE30B87BA715C9D /* StorageModel.swift */ = {isa = PBXFileReference; lastKnownFileType = sourcecode.swift; path = StorageModel.swift; sourceTree = "<group>"; };
		318AEFF6C64EC209A4BCEA65 /* zh-Hans */ = {isa = PBXFileReference; lastKnownFileType = text.plist.strings; name = "zh-Hans"; path = "zh-Hans.lproj/Localizable.strings"; sourceTree = "<group>"; };
		32AE73F9F0BBAABD3AA8AEE9 /* DeviceIdentity.swift */ = {isa = PBXFileReference; lastKnownFileType = sourcecode.swift; path = DeviceIdentity.swift; sourceTree = "<group>"; };
		34CBDBD2C2EF0A30ACEABBA8 /* en */ = {isa = PBXFileReference; lastKnownFileType = text.plist.strings; name = en; path = en.lproj/InfoPlist.strings; sourceTree = "<group>"; };
		354D47FCA5E06447D8ACA477 /* FileThumbnails.swift */ = {isa = PBXFileReference; lastKnownFileType = sourcecode.swift; path = FileThumbnails.swift; sourceTree = "<group>"; };
		3CE07F217EB8033B1FFFB8DB /* BackupModel.swift */ = {isa = PBXFileReference; lastKnownFileType = sourcecode.swift; path = BackupModel.swift; sourceTree = "<group>"; };
		49B4243B08406794F3828620 /* BackupDuckMacApp.swift */ = {isa = PBXFileReference; lastKnownFileType = sourcecode.swift; path = BackupDuckMacApp.swift; sourceTree = "<group>"; };
		604819320A8AF91EACFAD75F /* FolderMedia.swift */ = {isa = PBXFileReference; lastKnownFileType = sourcecode.swift; path = FolderMedia.swift; sourceTree = "<group>"; };
		6941384B4E73A3DF79B5EE30 /* BurstPhotos.swift */ = {isa = PBXFileReference; lastKnownFileType = sourcecode.swift; path = BurstPhotos.swift; sourceTree = "<group>"; };
		774C6225CA051D4BF9220D34 /* FolderSourcesPage.swift */ = {isa = PBXFileReference; lastKnownFileType = sourcecode.swift; path = FolderSourcesPage.swift; sourceTree = "<group>"; };
		790522FA25588024EE51100B /* PhotoLibraryChanges.swift */ = {isa = PBXFileReference; lastKnownFileType = sourcecode.swift; path = PhotoLibraryChanges.swift; sourceTree = "<group>"; };
		7D97B6B65AD87FB6AE83B23C /* PhotoBackupOrder.swift */ = {isa = PBXFileReference; lastKnownFileType = sourcecode.swift; path = PhotoBackupOrder.swift; sourceTree = "<group>"; };
		7E46FE58B00C600C0D604FE4 /* MacPreferences.swift */ = {isa = PBXFileReference; lastKnownFileType = sourcecode.swift; path = MacPreferences.swift; sourceTree = "<group>"; };
		8092617AEB476C19587672C8 /* FolderWatch.swift */ = {isa = PBXFileReference; lastKnownFileType = sourcecode.swift; path = FolderWatch.swift; sourceTree = "<group>"; };
		831E3F2F49F936B437BB7A3A /* ReceiverDiscovery.swift */ = {isa = PBXFileReference; lastKnownFileType = sourcecode.swift; path = ReceiverDiscovery.swift; sourceTree = "<group>"; };
		8544D07DE28FC92FCC6C01EC /* en */ = {isa = PBXFileReference; lastKnownFileType = text.plist.strings; name = en; path = en.lproj/Localizable.strings; sourceTree = "<group>"; };
		9CA1DF0F69ACC8A8878DBA91 /* LibraryPresentation.swift */ = {isa = PBXFileReference; lastKnownFileType = sourcecode.swift; path = LibraryPresentation.swift; sourceTree = "<group>"; };
		ABCFCB6FCB0CDFED5197D845 /* LibraryGrid.swift */ = {isa = PBXFileReference; lastKnownFileType = sourcecode.swift; path = LibraryGrid.swift; sourceTree = "<group>"; };
		B05D4B05F1A2E0005A464006 /* LibraryPlaceholder.swift */ = {isa = PBXFileReference; lastKnownFileType = sourcecode.swift; path = LibraryPlaceholder.swift; sourceTree = "<group>"; };
		B0844CBA74DBDE843EE4C8E5 /* LibraryRefreshScheduler.swift */ = {isa = PBXFileReference; lastKnownFileType = sourcecode.swift; path = LibraryRefreshScheduler.swift; sourceTree = "<group>"; };
		B34FBE3E4B7668ACE8D00B52 /* BackupHelp.swift */ = {isa = PBXFileReference; lastKnownFileType = sourcecode.swift; path = BackupHelp.swift; sourceTree = "<group>"; };
		B7EA1DE3AF848C064AD25BB8 /* BackgroundTransfer.swift */ = {isa = PBXFileReference; lastKnownFileType = sourcecode.swift; path = BackgroundTransfer.swift; sourceTree = "<group>"; };
		C2DDE6D0D49315701CCCE445 /* BackupDuck.app */ = {isa = PBXFileReference; explicitFileType = wrapper.application; includeInIndex = 0; path = BackupDuck.app; sourceTree = BUILT_PRODUCTS_DIR; };
		C8BF6D3EC9E65372524F6513 /* HistoricalImport.swift */ = {isa = PBXFileReference; lastKnownFileType = sourcecode.swift; path = HistoricalImport.swift; sourceTree = "<group>"; };
		CCBAA8805437D418DF9BA83A /* MacStatusMenu.swift */ = {isa = PBXFileReference; lastKnownFileType = sourcecode.swift; path = MacStatusMenu.swift; sourceTree = "<group>"; };
		D39898A776B4A23AF72454A2 /* TransferViews.swift */ = {isa = PBXFileReference; lastKnownFileType = sourcecode.swift; path = TransferViews.swift; sourceTree = "<group>"; };
		DE33C2423620893B134342B0 /* TransferConcurrencySettings.swift */ = {isa = PBXFileReference; lastKnownFileType = sourcecode.swift; path = TransferConcurrencySettings.swift; sourceTree = "<group>"; };
		E384A4DF9856B6B9654C459A /* Sparkle.framework */ = {isa = PBXFileReference; lastKnownFileType = wrapper.framework; name = Sparkle.framework; path = ../../build/dependencies/sparkle/Sparkle.framework; sourceTree = "<group>"; };
		E38563283F39B8785CDA2F1E /* ReceiverAvailability.swift */ = {isa = PBXFileReference; lastKnownFileType = sourcecode.swift; path = ReceiverAvailability.swift; sourceTree = "<group>"; };
		F110AD52A05DA30D64850E6D /* TransferProgress.swift */ = {isa = PBXFileReference; lastKnownFileType = sourcecode.swift; path = TransferProgress.swift; sourceTree = "<group>"; };
		F64C9993D8CB74AF2A437784 /* PhotoLibraryModel.swift */ = {isa = PBXFileReference; lastKnownFileType = sourcecode.swift; path = PhotoLibraryModel.swift; sourceTree = "<group>"; };
		402225D414D0FADB8F14081B /* DuckColors.swift */ = {isa = PBXFileReference; lastKnownFileType = sourcecode.swift; path = DuckColors.swift; sourceTree = "<group>"; };
		5F1B1500A0D77AC741C18BED /* DuckComponents.swift */ = {isa = PBXFileReference; lastKnownFileType = sourcecode.swift; path = DuckComponents.swift; sourceTree = "<group>"; };
		4F2E348CC16D10FAA0C4A662 /* DuckBrand.png */ = {isa = PBXFileReference; lastKnownFileType = image.png; path = DuckBrand.png; sourceTree = "<group>"; };
/* End PBXFileReference section */

/* Begin PBXFrameworksBuildPhase section */
		9B262C4BC6C06BCC84F028E2 /* Frameworks */ = {
			isa = PBXFrameworksBuildPhase;
			buildActionMask = 2147483647;
			files = (
				B01AEC47980BCD9CBB8E842F /* Sparkle.framework in Frameworks */,
			);
			runOnlyForDeploymentPostprocessing = 0;
		};
/* End PBXFrameworksBuildPhase section */

/* Begin PBXGroup section */
		01FFD2F016559EE552A82D04 /* Products */ = {
			isa = PBXGroup;
			children = (
				C2DDE6D0D49315701CCCE445 /* BackupDuck.app */,
			);
			name = Products;
			sourceTree = "<group>";
		};
		33538B84AF814E9BBAD6BADE /* BackupDuck */ = {
			isa = PBXGroup;
			children = (
				2240B6B1E76D07784056F214 /* AppUpdater.swift */,
				49B4243B08406794F3828620 /* BackupDuckMacApp.swift */,
				354D47FCA5E06447D8ACA477 /* FileThumbnails.swift */,
				604819320A8AF91EACFAD75F /* FolderMedia.swift */,
				1C5E73E62B1162CA263129F3 /* FolderSources.swift */,
				774C6225CA051D4BF9220D34 /* FolderSourcesPage.swift */,
				8092617AEB476C19587672C8 /* FolderWatch.swift */,
				ABCFCB6FCB0CDFED5197D845 /* LibraryGrid.swift */,
				0AB2023BBE2954441584C5C4 /* MacBackupPage.swift */,
				7E46FE58B00C600C0D604FE4 /* MacPreferences.swift */,
				CCBAA8805437D418DF9BA83A /* MacStatusMenu.swift */,
			);
			path = BackupDuck;
			sourceTree = "<group>";
		};
		5495F3E19E0584C465CF102F = {
			isa = PBXGroup;
			children = (
				33538B84AF814E9BBAD6BADE /* BackupDuck */,
				8B1BA4F931D5BD124606C855 /* Resources */,
				E1F0E283D93E21E408019AB0 /* Shared */,
				65CA40F0C8491092E6F758D3 /* Frameworks */,
				01FFD2F016559EE552A82D04 /* Products */,
			);
			sourceTree = "<group>";
		};
		65CA40F0C8491092E6F758D3 /* Frameworks */ = {
			isa = PBXGroup;
			children = (
				E384A4DF9856B6B9654C459A /* Sparkle.framework */,
			);
			name = Frameworks;
			sourceTree = "<group>";
		};
		8B1BA4F931D5BD124606C855 /* Resources */ = {
			isa = PBXGroup;
			children = (
				4F2E348CC16D10FAA0C4A662 /* DuckBrand.png */,
				FC24582406B7B42FD52AC817 /* InfoPlist.strings */,
				D54CA1F1DA8164B463AAC43D /* Localizable.strings */,
			);
			name = Resources;
			path = ../apple/Resources;
			sourceTree = "<group>";
		};
		E1F0E283D93E21E408019AB0 /* Shared */ = {
			isa = PBXGroup;
			children = (
				5F1B1500A0D77AC741C18BED /* DuckComponents.swift */,
				402225D414D0FADB8F14081B /* DuckColors.swift */,
				B7EA1DE3AF848C064AD25BB8 /* BackgroundTransfer.swift */,
				B34FBE3E4B7668ACE8D00B52 /* BackupHelp.swift */,
				3CE07F217EB8033B1FFFB8DB /* BackupModel.swift */,
				6941384B4E73A3DF79B5EE30 /* BurstPhotos.swift */,
				32AE73F9F0BBAABD3AA8AEE9 /* DeviceIdentity.swift */,
				C8BF6D3EC9E65372524F6513 /* HistoricalImport.swift */,
				B05D4B05F1A2E0005A464006 /* LibraryPlaceholder.swift */,
				9CA1DF0F69ACC8A8878DBA91 /* LibraryPresentation.swift */,
				B0844CBA74DBDE843EE4C8E5 /* LibraryRefreshScheduler.swift */,
				7D97B6B65AD87FB6AE83B23C /* PhotoBackupOrder.swift */,
				790522FA25588024EE51100B /* PhotoLibraryChanges.swift */,
				F64C9993D8CB74AF2A437784 /* PhotoLibraryModel.swift */,
				E38563283F39B8785CDA2F1E /* ReceiverAvailability.swift */,
				831E3F2F49F936B437BB7A3A /* ReceiverDiscovery.swift */,
				2DD73467DFE30B87BA715C9D /* StorageModel.swift */,
				DE33C2423620893B134342B0 /* TransferConcurrencySettings.swift */,
				060DC83C5DD462AF0201FB43 /* TransferDiagnostics.swift */,
				F110AD52A05DA30D64850E6D /* TransferProgress.swift */,
				D39898A776B4A23AF72454A2 /* TransferViews.swift */,
			);
			name = Shared;
			path = ../apple/Shared;
			sourceTree = "<group>";
		};
/* End PBXGroup section */

/* Begin PBXNativeTarget section */
		4C12B6378330946494E34178 /* BackupDuck */ = {
			isa = PBXNativeTarget;
			buildConfigurationList = 5767C39C9ED512F2CC96D75A /* Build configuration list for PBXNativeTarget "BackupDuck" */;
			buildPhases = (
				70CB9A72A5EA6B656ADBE753 /* Build shared Rust engine */,
				DBBB00B57177FF9E080CC8F5 /* Sources */,
				3A949C4704DEAF471386275C /* Resources */,
				9B262C4BC6C06BCC84F028E2 /* Frameworks */,
				CE544D30AD1A1E60285D6901 /* Embed Frameworks */,
			);
			buildRules = (
			);
			dependencies = (
			);
			name = BackupDuck;
			packageProductDependencies = (
			);
			productName = BackupDuck;
			productReference = C2DDE6D0D49315701CCCE445 /* BackupDuck.app */;
			productType = "com.apple.product-type.application";
		};
/* End PBXNativeTarget section */

/* Begin PBXProject section */
		A6AC491E80E5EC54949903E9 /* Project object */ = {
			isa = PBXProject;
			attributes = {
				BuildIndependentTargetsInParallel = YES;
				LastUpgradeCheck = 1430;
				TargetAttributes = {
				};
			};
			buildConfigurationList = 305027BB87685167E475A8C0 /* Build configuration list for PBXProject "BackupDuck" */;
			developmentRegion = en;
			hasScannedForEncodings = 0;
			knownRegions = (
				Base,
				en,
				"zh-Hans",
			);
			mainGroup = 5495F3E19E0584C465CF102F;
			minimizedProjectReferenceProxies = 1;
			preferredProjectObjectVersion = 77;
			productRefGroup = 01FFD2F016559EE552A82D04 /* Products */;
			projectDirPath = "";
			projectRoot = "";
			targets = (
				4C12B6378330946494E34178 /* BackupDuck */,
			);
		};
/* End PBXProject section */

/* Begin PBXResourcesBuildPhase section */
		3A949C4704DEAF471386275C /* Resources */ = {
			isa = PBXResourcesBuildPhase;
			buildActionMask = 2147483647;
			files = (
				77CF168597D84F93678A05CF /* InfoPlist.strings in Resources */,
				85C0ADD7D7FF1A38B3FF9932 /* Localizable.strings in Resources */,
				72D71A70DAC6A79509241EEE /* DuckBrand.png in Resources */,
			);
			runOnlyForDeploymentPostprocessing = 0;
		};
/* End PBXResourcesBuildPhase section */

/* Begin PBXShellScriptBuildPhase section */
		70CB9A72A5EA6B656ADBE753 /* Build shared Rust engine */ = {
			isa = PBXShellScriptBuildPhase;
			alwaysOutOfDate = 1;
			buildActionMask = 2147483647;
			files = (
			);
			inputFileListPaths = (
			);
			inputPaths = (
			);
			name = "Build shared Rust engine";
			outputFileListPaths = (
			);
			outputPaths = (
			);
			runOnlyForDeploymentPostprocessing = 0;
			shellPath = /bin/sh;
			shellScript = "set -eu\nexport PATH=\"$HOME/.cargo/bin:$PATH\"\ncd \"$SRCROOT/../..\"\nexport MACOSX_DEPLOYMENT_TARGET=14.0\n./scripts/fetch-sparkle.sh\ncargo build --locked --release --target aarch64-apple-darwin -p backupduck-native --features folder-source\ncp target/aarch64-apple-darwin/release/libbackupduck_native.a \"$BUILT_PRODUCTS_DIR/\"\n";
		};
/* End PBXShellScriptBuildPhase section */

/* Begin PBXSourcesBuildPhase section */
		DBBB00B57177FF9E080CC8F5 /* Sources */ = {
			isa = PBXSourcesBuildPhase;
			buildActionMask = 2147483647;
			files = (
				3847361A2E188CCDB2245BB5 /* AppUpdater.swift in Sources */,
				714A7C468520E2DBDF5B07C1 /* BackgroundTransfer.swift in Sources */,
				61C4EF5217307370D283286C /* BackupDuckMacApp.swift in Sources */,
				6B5B295156362D2C1828DBC0 /* BackupHelp.swift in Sources */,
				332A9AD72D1A1B33E7C19D11 /* BackupModel.swift in Sources */,
				600D68DCC14FB1D82EC71DF5 /* BurstPhotos.swift in Sources */,
				779E8B27F979D3E86F67F355 /* DeviceIdentity.swift in Sources */,
				68F824F3F15EC1764EC4AE85 /* FileThumbnails.swift in Sources */,
				499607CACCC1EAB40F291747 /* FolderMedia.swift in Sources */,
				83F71F3CCEF757E18CCD7504 /* FolderSources.swift in Sources */,
				1DAE3203534279498E99F2AA /* FolderSourcesPage.swift in Sources */,
				EC66FE86B71813AB9352D07F /* FolderWatch.swift in Sources */,
				718CE8E542E1D28884FA8092 /* HistoricalImport.swift in Sources */,
				87D12B2B20221BF67A9DCC61 /* LibraryGrid.swift in Sources */,
				50D40D339C1B8E1CC0776BF0 /* LibraryPlaceholder.swift in Sources */,
				0C9D7AD807073F2661301B5D /* LibraryPresentation.swift in Sources */,
				D051A3A22D11DDB4D3A76610 /* LibraryRefreshScheduler.swift in Sources */,
				A46B841E1340C059028CE7DC /* MacBackupPage.swift in Sources */,
				C455EB0A44BA814680BFE06A /* MacPreferences.swift in Sources */,
				01606A41F73328383C06A185 /* MacStatusMenu.swift in Sources */,
				C7F10210940291A3ED1353EF /* PhotoBackupOrder.swift in Sources */,
				BA114F060234BD9171C23F24 /* PhotoLibraryChanges.swift in Sources */,
				994F060A2FD375E01DFF8334 /* PhotoLibraryModel.swift in Sources */,
				03588CE5C11BE87A090609A4 /* ReceiverAvailability.swift in Sources */,
				9B2F7B047C2AEA89C45C83E4 /* ReceiverDiscovery.swift in Sources */,
				AE0C557C585D8E3A39310FAF /* StorageModel.swift in Sources */,
				3C92DAE2C89B7CD73B468662 /* TransferConcurrencySettings.swift in Sources */,
				81EED007FFEEB171313CBF2A /* TransferDiagnostics.swift in Sources */,
				C6CF7E9C89BEA6C69606156C /* TransferProgress.swift in Sources */,
				2B05516DFB7975C99E1413BF /* TransferViews.swift in Sources */,
				F50A0ACCBDCCBFFBFC974652 /* DuckComponents.swift in Sources */,
				1C777109EF049956DE3F5660 /* DuckColors.swift in Sources */,
			);
			runOnlyForDeploymentPostprocessing = 0;
		};
/* End PBXSourcesBuildPhase section */

/* Begin PBXVariantGroup section */
		D54CA1F1DA8164B463AAC43D /* Localizable.strings */ = {
			isa = PBXVariantGroup;
			children = (
				8544D07DE28FC92FCC6C01EC /* en */,
				318AEFF6C64EC209A4BCEA65 /* zh-Hans */,
			);
			name = Localizable.strings;
			sourceTree = "<group>";
		};
		FC24582406B7B42FD52AC817 /* InfoPlist.strings */ = {
			isa = PBXVariantGroup;
			children = (
				34CBDBD2C2EF0A30ACEABBA8 /* en */,
				094878371404AC47EB9890CE /* zh-Hans */,
			);
			name = InfoPlist.strings;
			sourceTree = "<group>";
		};
/* End PBXVariantGroup section */

/* Begin XCBuildConfiguration section */
		1F4D0B7B8C616454A2EB46D6 /* Release */ = {
			isa = XCBuildConfiguration;
			buildSettings = {
				ASSETCATALOG_COMPILER_APPICON_NAME = AppIcon;
				CODE_SIGN_IDENTITY = "-";
				COMBINE_HIDPI_IMAGES = YES;
				FRAMEWORK_SEARCH_PATHS = (
					"$(inherited)",
					"\"../../build/dependencies/sparkle\"",
				);
				GENERATE_INFOPLIST_FILE = NO;
				INFOPLIST_FILE = BackupDuck/Info.plist;
				LD_RUNPATH_SEARCH_PATHS = (
					"$(inherited)",
					"@executable_path/../Frameworks",
				);
				OTHER_LDFLAGS = (
					"$(inherited)",
					"$(BUILT_PRODUCTS_DIR)/libbackupduck_native.a",
					"-framework",
					Security,
					"-framework",
					SystemConfiguration,
					"-lsqlite3",
					"-lz",
					"-liconv",
				);
				PRODUCT_BUNDLE_IDENTIFIER = app.backupduck;
				SDKROOT = macosx;
				SWIFT_OBJC_BRIDGING_HEADER = ../../crates/native/include/backupduck.h;
			};
			name = Release;
		};
		770F7755423170F5546337E0 /* Debug */ = {
			isa = XCBuildConfiguration;
			buildSettings = {
				ASSETCATALOG_COMPILER_APPICON_NAME = AppIcon;
				CODE_SIGN_IDENTITY = "-";
				COMBINE_HIDPI_IMAGES = YES;
				FRAMEWORK_SEARCH_PATHS = (
					"$(inherited)",
					"\"../../build/dependencies/sparkle\"",
				);
				GENERATE_INFOPLIST_FILE = NO;
				INFOPLIST_FILE = BackupDuck/Info.plist;
				LD_RUNPATH_SEARCH_PATHS = (
					"$(inherited)",
					"@executable_path/../Frameworks",
				);
				OTHER_LDFLAGS = (
					"$(inherited)",
					"$(BUILT_PRODUCTS_DIR)/libbackupduck_native.a",
					"-framework",
					Security,
					"-framework",
					SystemConfiguration,
					"-lsqlite3",
					"-lz",
					"-liconv",
				);
				PRODUCT_BUNDLE_IDENTIFIER = app.backupduck;
				SDKROOT = macosx;
				SWIFT_OBJC_BRIDGING_HEADER = ../../crates/native/include/backupduck.h;
			};
			name = Debug;
		};
		839C73611FD10815EDAD271F /* Release */ = {
			isa = XCBuildConfiguration;
			buildSettings = {
				ALWAYS_SEARCH_USER_PATHS = NO;
				ARCHS = arm64;
				CLANG_ANALYZER_NONNULL = YES;
				CLANG_ANALYZER_NUMBER_OBJECT_CONVERSION = YES_AGGRESSIVE;
				CLANG_CXX_LANGUAGE_STANDARD = "gnu++14";
				CLANG_CXX_LIBRARY = "libc++";
				CLANG_ENABLE_MODULES = YES;
				CLANG_ENABLE_OBJC_ARC = YES;
				CLANG_ENABLE_OBJC_WEAK = YES;
				CLANG_WARN_BLOCK_CAPTURE_AUTORELEASING = YES;
				CLANG_WARN_BOOL_CONVERSION = YES;
				CLANG_WARN_COMMA = YES;
				CLANG_WARN_CONSTANT_CONVERSION = YES;
				CLANG_WARN_DEPRECATED_OBJC_IMPLEMENTATIONS = YES;
				CLANG_WARN_DIRECT_OBJC_ISA_USAGE = YES_ERROR;
				CLANG_WARN_DOCUMENTATION_COMMENTS = YES;
				CLANG_WARN_EMPTY_BODY = YES;
				CLANG_WARN_ENUM_CONVERSION = YES;
				CLANG_WARN_INFINITE_RECURSION = YES;
				CLANG_WARN_INT_CONVERSION = YES;
				CLANG_WARN_NON_LITERAL_NULL_CONVERSION = YES;
				CLANG_WARN_OBJC_IMPLICIT_RETAIN_SELF = YES;
				CLANG_WARN_OBJC_LITERAL_CONVERSION = YES;
				CLANG_WARN_OBJC_ROOT_CLASS = YES_ERROR;
				CLANG_WARN_QUOTED_INCLUDE_IN_FRAMEWORK_HEADER = YES;
				CLANG_WARN_RANGE_LOOP_ANALYSIS = YES;
				CLANG_WARN_STRICT_PROTOTYPES = YES;
				CLANG_WARN_SUSPICIOUS_MOVE = YES;
				CLANG_WARN_UNGUARDED_AVAILABILITY = YES_AGGRESSIVE;
				CLANG_WARN_UNREACHABLE_CODE = YES;
				CLANG_WARN__DUPLICATE_METHOD_MATCH = YES;
				COPY_PHASE_STRIP = NO;
				DEBUG_INFORMATION_FORMAT = "dwarf-with-dsym";
				ENABLE_NS_ASSERTIONS = NO;
				ENABLE_STRICT_OBJC_MSGSEND = YES;
				ENABLE_USER_SCRIPT_SANDBOXING = NO;
				GCC_C_LANGUAGE_STANDARD = gnu11;
				GCC_NO_COMMON_BLOCKS = YES;
				GCC_WARN_64_TO_32_BIT_CONVERSION = YES;
				GCC_WARN_ABOUT_RETURN_TYPE = YES_ERROR;
				GCC_WARN_UNDECLARED_SELECTOR = YES;
				GCC_WARN_UNINITIALIZED_AUTOS = YES_AGGRESSIVE;
				GCC_WARN_UNUSED_FUNCTION = YES;
				GCC_WARN_UNUSED_VARIABLE = YES;
				MACOSX_DEPLOYMENT_TARGET = 14.0;
				MTL_ENABLE_DEBUG_INFO = NO;
				MTL_FAST_MATH = YES;
				PRODUCT_NAME = "$(TARGET_NAME)";
				SDKROOT = macosx;
				SWIFT_COMPILATION_MODE = wholemodule;
				SWIFT_OPTIMIZATION_LEVEL = "-O";
				SWIFT_VERSION = 5.0;
			};
			name = Release;
		};
		FE20340BF2285100A574E781 /* Debug */ = {
			isa = XCBuildConfiguration;
			buildSettings = {
				ALWAYS_SEARCH_USER_PATHS = NO;
				ARCHS = arm64;
				CLANG_ANALYZER_NONNULL = YES;
				CLANG_ANALYZER_NUMBER_OBJECT_CONVERSION = YES_AGGRESSIVE;
				CLANG_CXX_LANGUAGE_STANDARD = "gnu++14";
				CLANG_CXX_LIBRARY = "libc++";
				CLANG_ENABLE_MODULES = YES;
				CLANG_ENABLE_OBJC_ARC = YES;
				CLANG_ENABLE_OBJC_WEAK = YES;
				CLANG_WARN_BLOCK_CAPTURE_AUTORELEASING = YES;
				CLANG_WARN_BOOL_CONVERSION = YES;
				CLANG_WARN_COMMA = YES;
				CLANG_WARN_CONSTANT_CONVERSION = YES;
				CLANG_WARN_DEPRECATED_OBJC_IMPLEMENTATIONS = YES;
				CLANG_WARN_DIRECT_OBJC_ISA_USAGE = YES_ERROR;
				CLANG_WARN_DOCUMENTATION_COMMENTS = YES;
				CLANG_WARN_EMPTY_BODY = YES;
				CLANG_WARN_ENUM_CONVERSION = YES;
				CLANG_WARN_INFINITE_RECURSION = YES;
				CLANG_WARN_INT_CONVERSION = YES;
				CLANG_WARN_NON_LITERAL_NULL_CONVERSION = YES;
				CLANG_WARN_OBJC_IMPLICIT_RETAIN_SELF = YES;
				CLANG_WARN_OBJC_LITERAL_CONVERSION = YES;
				CLANG_WARN_OBJC_ROOT_CLASS = YES_ERROR;
				CLANG_WARN_QUOTED_INCLUDE_IN_FRAMEWORK_HEADER = YES;
				CLANG_WARN_RANGE_LOOP_ANALYSIS = YES;
				CLANG_WARN_STRICT_PROTOTYPES = YES;
				CLANG_WARN_SUSPICIOUS_MOVE = YES;
				CLANG_WARN_UNGUARDED_AVAILABILITY = YES_AGGRESSIVE;
				CLANG_WARN_UNREACHABLE_CODE = YES;
				CLANG_WARN__DUPLICATE_METHOD_MATCH = YES;
				COPY_PHASE_STRIP = NO;
				DEBUG_INFORMATION_FORMAT = dwarf;
				ENABLE_STRICT_OBJC_MSGSEND = YES;
				ENABLE_TESTABILITY = YES;
				ENABLE_USER_SCRIPT_SANDBOXING = NO;
				GCC_C_LANGUAGE_STANDARD = gnu11;
				GCC_DYNAMIC_NO_PIC = NO;
				GCC_NO_COMMON_BLOCKS = YES;
				GCC_OPTIMIZATION_LEVEL = 0;
				GCC_PREPROCESSOR_DEFINITIONS = (
					"$(inherited)",
					"DEBUG=1",
				);
				GCC_WARN_64_TO_32_BIT_CONVERSION = YES;
				GCC_WARN_ABOUT_RETURN_TYPE = YES_ERROR;
				GCC_WARN_UNDECLARED_SELECTOR = YES;
				GCC_WARN_UNINITIALIZED_AUTOS = YES_AGGRESSIVE;
				GCC_WARN_UNUSED_FUNCTION = YES;
				GCC_WARN_UNUSED_VARIABLE = YES;
				MACOSX_DEPLOYMENT_TARGET = 14.0;
				MTL_ENABLE_DEBUG_INFO = INCLUDE_SOURCE;
				MTL_FAST_MATH = YES;
				ONLY_ACTIVE_ARCH = YES;
				PRODUCT_NAME = "$(TARGET_NAME)";
				SDKROOT = macosx;
				SWIFT_ACTIVE_COMPILATION_CONDITIONS = DEBUG;
				SWIFT_OPTIMIZATION_LEVEL = "-Onone";
				SWIFT_VERSION = 5.0;
			};
			name = Debug;
		};
/* End XCBuildConfiguration section */

/* Begin XCConfigurationList section */
		305027BB87685167E475A8C0 /* Build configuration list for PBXProject "BackupDuck" */ = {
			isa = XCConfigurationList;
			buildConfigurations = (
				FE20340BF2285100A574E781 /* Debug */,
				839C73611FD10815EDAD271F /* Release */,
			);
			defaultConfigurationIsVisible = 0;
			defaultConfigurationName = Debug;
		};
		5767C39C9ED512F2CC96D75A /* Build configuration list for PBXNativeTarget "BackupDuck" */ = {
			isa = XCConfigurationList;
			buildConfigurations = (
				770F7755423170F5546337E0 /* Debug */,
				1F4D0B7B8C616454A2EB46D6 /* Release */,
			);
			defaultConfigurationIsVisible = 0;
			defaultConfigurationName = Debug;
		};
/* End XCConfigurationList section */
	};
	rootObject = A6AC491E80E5EC54949903E9 /* Project object */;
}
